
Microsoft Visual Studio Solution File, Format Version 12.00
# Visual Studio 15
VisualStudioVersion = 15.0.27703.2018
MinimumVisualStudioVersion = 10.0.40219.1
Project("{9A19103F-16F7-4668-BE54-9A1E7A4F7556}") = "MyDiary.CoreApi", "MyDiary.CoreApi\MyDiary.CoreApi.csproj", "{A073E393-ACFE-4A8B-93A5-243291FBFAAF}"
EndProject
Project("{2150E333-8FDC-42A3-9474-1A3956D46DE8}") = "data", "data", "{CEC87F47-37D5-4FF3-AF3E-38106BA3FB67}"
EndProject
Project("{2150E333-8FDC-42A3-9474-1A3956D46DE8}") = "src", "src", "{80446518-529F-4A02-B932-D60A70B54121}"
EndProject
Project("{2150E333-8FDC-42A3-9474-1A3956D46DE8}") = "test", "test", "{576FBF17-38F9-4A3D-8C2D-4F7BFA51C060}"
EndProject
Project("{2150E333-8FDC-42A3-9474-1A3956D46DE8}") = "database", "database", "{C4CC822A-5EB2-4F57-8691-E45978D912F3}"
EndProject
Project("{2150E333-8FDC-42A3-9474-1A3956D46DE8}") = "src", "src", "{40F77AD6-5A67-4741-9493-97CB06ED5C0D}"
EndProject
Project("{2150E333-8FDC-42A3-9474-1A3956D46DE8}") = "test", "test", "{CD00C3B8-C7FB-4317-8364-301E8C04BDC3}"
EndProject
Project("{9A19103F-16F7-4668-BE54-9A1E7A4F7556}") = "MyDiary.Data", "MyDiary.Data\MyDiary.Data.csproj", "{EE531949-6A8B-4CE9-89FD-422596F64D51}"
EndProject
Project("{9A19103F-16F7-4668-BE54-9A1E7A4F7556}") = "MyDiary.Identity", "MyDiary.Identity\MyDiary.Identity.csproj", "{28C0A16F-ED8F-4939-A7CD-ACC3D40C1643}"
EndProject
Project("{9A19103F-16F7-4668-BE54-9A1E7A4F7556}") = "MyDiary.Migrations", "MyDiary.Migrations\MyDiary.Migrations.csproj", "{B6576A2E-69D1-459A-9883-534EA1E63AB6}"
EndProject
Global
	GlobalSection(SolutionConfigurationPlatforms) = preSolution
		Debug|Any CPU = Debug|Any CPU
		Release|Any CPU = Release|Any CPU
	EndGlobalSection
	GlobalSection(ProjectConfigurationPlatforms) = postSolution
		{A073E393-ACFE-4A8B-93A5-243291FBFAAF}.Debug|Any CPU.ActiveCfg = Debug|Any CPU
		{A073E393-ACFE-4A8B-93A5-243291FBFAAF}.Debug|Any CPU.Build.0 = Debug|Any CPU
		{A073E393-ACFE-4A8B-93A5-243291FBFAAF}.Release|Any CPU.ActiveCfg = Release|Any CPU
		{A073E393-ACFE-4A8B-93A5-243291FBFAAF}.Release|Any CPU.Build.0 = Release|Any CPU
		{EE531949-6A8B-4CE9-89FD-422596F64D51}.Debug|Any CPU.ActiveCfg = Debug|Any CPU
		{EE531949-6A8B-4CE9-89FD-422596F64D51}.Debug|Any CPU.Build.0 = Debug|Any CPU
		{EE531949-6A8B-4CE9-89FD-422596F64D51}.Release|Any CPU.ActiveCfg = Release|Any CPU
		{EE531949-6A8B-4CE9-89FD-422596F64D51}.Release|Any CPU.Build.0 = Release|Any CPU
		{28C0A16F-ED8F-4939-A7CD-ACC3D40C1643}.Debug|Any CPU.ActiveCfg = Debug|Any CPU
		{28C0A16F-ED8F-4939-A7CD-ACC3D40C1643}.Debug|Any CPU.Build.0 = Debug|Any CPU
		{28C0A16F-ED8F-4939-A7CD-ACC3D40C1643}.Release|Any CPU.ActiveCfg = Release|Any CPU
		{28C0A16F-ED8F-4939-A7CD-ACC3D40C1643}.Release|Any CPU.Build.0 = Release|Any CPU
		{B6576A2E-69D1-459A-9883-534EA1E63AB6}.Debug|Any CPU.ActiveCfg = Debug|Any CPU
		{B6576A2E-69D1-459A-9883-534EA1E63AB6}.Debug|Any CPU.Build.0 = Debug|Any CPU
		{B6576A2E-69D1-459A-9883-534EA1E63AB6}.Release|Any CPU.ActiveCfg = Release|Any CPU
		{B6576A2E-69D1-459A-9883-534EA1E63AB6}.Release|Any CPU.Build.0 = Release|Any CPU
	EndGlobalSection
	GlobalSection(SolutionProperties) = preSolution
		HideSolutionNode = FALSE
	EndGlobalSection
	GlobalSection(NestedProjects) = preSolution
		{80446518-529F-4A02-B932-D60A70B54121} = {CEC87F47-37D5-4FF3-AF3E-38106BA3FB67}
		{576FBF17-38F9-4A3D-8C2D-4F7BFA51C060} = {CEC87F47-37D5-4FF3-AF3E-38106BA3FB67}
		{40F77AD6-5A67-4741-9493-97CB06ED5C0D} = {C4CC822A-5EB2-4F57-8691-E45978D912F3}
		{CD00C3B8-C7FB-4317-8364-301E8C04BDC3} = {C4CC822A-5EB2-4F57-8691-E45978D912F3}
		{EE531949-6A8B-4CE9-89FD-422596F64D51} = {80446518-529F-4A02-B932-D60A70B54121}
		{28C0A16F-ED8F-4939-A7CD-ACC3D40C1643} = {80446518-529F-4A02-B932-D60A70B54121}
		{B6576A2E-69D1-459A-9883-534EA1E63AB6} = {40F77AD6-5A67-4741-9493-97CB06ED5C0D}
	EndGlobalSection
	GlobalSection(ExtensibilityGlobals) = postSolution
		SolutionGuid = {E21987AD-62A9-4BE5-9CC1-973623C1FB60}
	EndGlobalSection
EndGlobal
